Microsoft Visual Studio Solution File, Format Version 12.00
# Visual Studio Version 17
VisualStudioVersion = 17.0.31903.59
MinimumVisualStudioVersion = 10.0.40219.1
Project("{FAE04EC0-301F-11D3-BF4B-00C04F79EFBC}") = "DataReader.CommandLine", "Program\DataReader.CommandLine.csproj", "{C870F4C0-4EA7-430E-B3CB-2FBACF9804D5}"
EndProject
Project("{2150E333-8FDC-42A3-9474-1A3956D46DE8}") = "SolutionFiles", "SolutionFiles", "{6803C9F2-CE03-49A2-9EF5-4D5FE5932F04}"
	ProjectSection(SolutionItems) = preProject
		LICENSE = LICENSE
		README.md = README.md
	EndProjectSection
EndProject
Project("{FAE04EC0-301F-11D3-BF4B-00C04F79EFBC}") = "DataReader.Core", "DataReader.Core\DataReader.Core.csproj", "{C775B59A-AEB0-40E6-87A1-8F47508D357E}"
EndProject
Global
	GlobalSection(SolutionConfigurationPlatforms) = preSolution
		Debug|Any CPU = Debug|Any CPU
		Release|Any CPU = Release|Any CPU
	EndGlobalSection
	GlobalSection(ProjectConfigurationPlatforms) = postSolution
		{C870F4C0-4EA7-430E-B3CB-2FBACF9804D5}.Debug|Any CPU.ActiveCfg = Debug|Any CPU
		{C870F4C0-4EA7-430E-B3CB-2FBACF9804D5}.Debug|Any CPU.Build.0 = Debug|Any CPU
		{C870F4C0-4EA7-430E-B3CB-2FBACF9804D5}.Release|Any CPU.ActiveCfg = Release|Any CPU
		{C870F4C0-4EA7-430E-B3CB-2FBACF9804D5}.Release|Any CPU.Build.0 = Release|Any CPU
		{C775B59A-AEB0-40E6-87A1-8F47508D357E}.Debug|Any CPU.ActiveCfg = Debug|Any CPU
		{C775B59A-AEB0-40E6-87A1-8F47508D357E}.Debug|Any CPU.Build.0 = Debug|Any CPU
		{C775B59A-AEB0-40E6-87A1-8F47508D357E}.Release|Any CPU.ActiveCfg = Release|Any CPU
		{C775B59A-AEB0-40E6-87A1-8F47508D357E}.Release|Any CPU.Build.0 = Release|Any CPU
	EndGlobalSection
	GlobalSection(SolutionProperties) = preSolution
		HideSolutionNode = FALSE
	EndGlobalSection
EndGlobal
